// !$*UTF8*$!
{
	archiveVersion = 1;
	classes = {
	};
	objectVersion = 56;
	objects = {

/* Begin PBXBuildFile section */
		2F911FF02990288F002978CE /* AppDelegate.swift in Sources */ = {isa = PBXBuildFile; fileRef = 2F911FEF2990288F002978CE /* AppDelegate.swift */; };
		2F911FF22990288F002978CE /* SceneDelegate.swift in Sources */ = {isa = PBXBuildFile; fileRef = 2F911FF12990288F002978CE /* SceneDelegate.swift */; };
		2F911FF42990288F002978CE /* StartViewController.swift in Sources */ = {isa = PBXBuildFile; fileRef = 2F911FF32990288F002978CE /* StartViewController.swift */; };
		2F911FF72990288F002978CE /* Main.storyboard in Resources */ = {isa = PBXBuildFile; fileRef = 2F911FF52990288F002978CE /* Main.storyboard */; };
		2F911FF929902890002978CE /* Assets.xcassets in Resources */ = {isa = PBXBuildFile; fileRef = 2F911FF829902890002978CE /* Assets.xcassets */; };
		2F911FFC29902890002978CE /* LaunchScreen.storyboard in Resources */ = {isa = PBXBuildFile; fileRef = 2F911FFA29902890002978CE /* LaunchScreen.storyboard */; };
		2F912007299028E6002978CE /* Millionaire.swift in Sources */ = {isa = PBXBuildFile; fileRef = 2F912006299028E6002978CE /* Millionaire.swift */; };
		5160CCFC299169DC0070115E /* Question.swift in Sources */ = {isa = PBXBuildFile; fileRef = 5160CCFB299169DC0070115E /* Question.swift */; };
		5160CCFE29916A120070115E /* QuizMillionaire.swift in Sources */ = {isa = PBXBuildFile; fileRef = 5160CCFD29916A120070115E /* QuizMillionaire.swift */; };
		5189F2602992C2130091C636 /* AudioPlayer.swift in Sources */ = {isa = PBXBuildFile; fileRef = 5189F25F2992C2130091C636 /* AudioPlayer.swift */; };
		51CF038C2993F555006DF7C0 /* tooltip_Selection.mp3 in Resources */ = {isa = PBXBuildFile; fileRef = 51CF03842993F555006DF7C0 /* tooltip_Selection.mp3 */; };
		51CF038D2993F555006DF7C0 /* nextQuestion.mp3 in Resources */ = {isa = PBXBuildFile; fileRef = 51CF03852993F555006DF7C0 /* nextQuestion.mp3 */; };
		51CF038E2993F555006DF7C0 /* time_is_Up.mp3 in Resources */ = {isa = PBXBuildFile; fileRef = 51CF03862993F555006DF7C0 /* time_is_Up.mp3 */; };
		51CF038F2993F555006DF7C0 /* correctAnswer.mp3 in Resources */ = {isa = PBXBuildFile; fileRef = 51CF03872993F555006DF7C0 /* correctAnswer.mp3 */; };
		51CF03902993F555006DF7C0 /* musical_intro.mp3 in Resources */ = {isa = PBXBuildFile; fileRef = 51CF03882993F555006DF7C0 /* musical_intro.mp3 */; };
		51CF03912993F555006DF7C0 /* reflectionTime.mp3 in Resources */ = {isa = PBXBuildFile; fileRef = 51CF03892993F555006DF7C0 /* reflectionTime.mp3 */; };
		51CF03922993F555006DF7C0 /* wrongAnswer.mp3 in Resources */ = {isa = PBXBuildFile; fileRef = 51CF038A2993F555006DF7C0 /* wrongAnswer.mp3 */; };
		51CF03932993F555006DF7C0 /* endOfGame.mp3 in Resources */ = {isa = PBXBuildFile; fileRef = 51CF038B2993F555006DF7C0 /* endOfGame.mp3 */; };
		583F1CB029910D54004A4D37 /* RulesViewController.swift in Sources */ = {isa = PBXBuildFile; fileRef = 583F1CAF29910D54004A4D37 /* RulesViewController.swift */; };
		5888ADD129915B2A002C00BE /* GameViewController.swift in Sources */ = {isa = PBXBuildFile; fileRef = 5888ADD029915B2A002C00BE /* GameViewController.swift */; };
		A54FDC85299384DA004F514C /* ScoreTableViewController.swift in Sources */ = {isa = PBXBuildFile; fileRef = A54FDC84299384DA004F514C /* ScoreTableViewController.swift */; };
		A54FDC87299408A1004F514C /* ButtonsColor.swift in Sources */ = {isa = PBXBuildFile; fileRef = A54FDC86299408A1004F514C /* ButtonsColor.swift */; };
		A54FDC8D29952864004F514C /* ChartData.swift in Sources */ = {isa = PBXBuildFile; fileRef = A54FDC8C29952864004F514C /* ChartData.swift */; };
		A54FDC9329956946004F514C /* RegisterViewController.swift in Sources */ = {isa = PBXBuildFile; fileRef = A54FDC9229956946004F514C /* RegisterViewController.swift */; };
		A54FDC9529959BD2004F514C /* ChartPrepare.swift in Sources */ = {isa = PBXBuildFile; fileRef = A54FDC9429959BD2004F514C /* ChartPrepare.swift */; };
		A54FDC992996788E004F514C /* ChartView.swift in Sources */ = {isa = PBXBuildFile; fileRef = A54FDC982996788E004F514C /* ChartView.swift */; };
		A5D3CA3129968B9A0009798D /* ChartView.xib in Resources */ = {isa = PBXBuildFile; fileRef = A5D3CA3029968B9A0009798D /* ChartView.xib */; };
/* End PBXBuildFile section */

/* Begin PBXFileReference section */
		2F911FEC2990288F002978CE /* millionaire.app */ = {isa = PBXFileReference; explicitFileType = wrapper.application; includeInIndex = 0; path = millionaire.app; sourceTree = BUILT_PRODUCTS_DIR; };
		2F911FEF2990288F002978CE /* AppDelegate.swift */ = {isa = PBXFileReference; lastKnownFileType = sourcecode.swift; path = AppDelegate.swift; sourceTree = "<group>"; };
		2F911FF12990288F002978CE /* SceneDelegate.swift */ = {isa = PBXFileReference; lastKnownFileType = sourcecode.swift; path = SceneDelegate.swift; sourceTree = "<group>"; };
		2F911FF32990288F002978CE /* StartViewController.swift */ = {isa = PBXFileReference; lastKnownFileType = sourcecode.swift; path = StartViewController.swift; sourceTree = "<group>"; };
		2F911FF62990288F002978CE /* Base */ = {isa = PBXFileReference; lastKnownFileType = file.storyboard; name = Base; path = Base.lproj/Main.storyboard; sourceTree = "<group>"; };
		2F911FF829902890002978CE /* Assets.xcassets */ = {isa = PBXFileReference; lastKnownFileType = folder.assetcatalog; path = Assets.xcassets; sourceTree = "<group>"; };
		2F911FFB29902890002978CE /* Base */ = {isa = PBXFileReference; lastKnownFileType = file.storyboard; name = Base; path = Base.lproj/LaunchScreen.storyboard; sourceTree = "<group>"; };
		2F911FFD29902890002978CE /* Info.plist */ = {isa = PBXFileReference; lastKnownFileType = text.plist.xml; path = Info.plist; sourceTree = "<group>"; };
		2F912006299028E6002978CE /* Millionaire.swift */ = {isa = PBXFileReference; lastKnownFileType = sourcecode.swift; path = Millionaire.swift; sourceTree = "<group>"; };
		5160CCFB299169DC0070115E /* Question.swift */ = {isa = PBXFileReference; lastKnownFileType = sourcecode.swift; path = Question.swift; sourceTree = "<group>"; };
		5160CCFD29916A120070115E /* QuizMillionaire.swift */ = {isa = PBXFileReference; lastKnownFileType = sourcecode.swift; path = QuizMillionaire.swift; sourceTree = "<group>"; };
		5189F25F2992C2130091C636 /* AudioPlayer.swift */ = {isa = PBXFileReference; lastKnownFileType = sourcecode.swift; path = AudioPlayer.swift; sourceTree = "<group>"; };
		51CF03842993F555006DF7C0 /* tooltip_Selection.mp3 */ = {isa = PBXFileReference; lastKnownFileType = audio.mp3; path = tooltip_Selection.mp3; sourceTree = "<group>"; };
		51CF03852993F555006DF7C0 /* nextQuestion.mp3 */ = {isa = PBXFileReference; lastKnownFileType = audio.mp3; path = nextQuestion.mp3; sourceTree = "<group>"; };
		51CF03862993F555006DF7C0 /* time_is_Up.mp3 */ = {isa = PBXFileReference; lastKnownFileType = audio.mp3; path = time_is_Up.mp3; sourceTree = "<group>"; };
		51CF03872993F555006DF7C0 /* correctAnswer.mp3 */ = {isa = PBXFileReference; lastKnownFileType = audio.mp3; path = correctAnswer.mp3; sourceTree = "<group>"; };
		51CF03882993F555006DF7C0 /* musical_intro.mp3 */ = {isa = PBXFileReference; lastKnownFileType = audio.mp3; path = musical_intro.mp3; sourceTree = "<group>"; };
		51CF03892993F555006DF7C0 /* reflectionTime.mp3 */ = {isa = PBXFileReference; lastKnownFileType = audio.mp3; path = reflectionTime.mp3; sourceTree = "<group>"; };
		51CF038A2993F555006DF7C0 /* wrongAnswer.mp3 */ = {isa = PBXFileReference; lastKnownFileType = audio.mp3; path = wrongAnswer.mp3; sourceTree = "<group>"; };
		51CF038B2993F555006DF7C0 /* endOfGame.mp3 */ = {isa = PBXFileReference; lastKnownFileType = audio.mp3; path = endOfGame.mp3; sourceTree = "<group>"; };
		583F1CAF29910D54004A4D37 /* RulesViewController.swift */ = {isa = PBXFileReference; lastKnownFileType = sourcecode.swift; path = RulesViewController.swift; sourceTree = "<group>"; };
		5888ADD029915B2A002C00BE /* GameViewController.swift */ = {isa = PBXFileReference; lastKnownFileType = sourcecode.swift; path = GameViewController.swift; sourceTree = "<group>"; };
		A54FDC84299384DA004F514C /* ScoreTableViewController.swift */ = {isa = PBXFileReference; lastKnownFileType = sourcecode.swift; path = ScoreTableViewController.swift; sourceTree = "<group>"; };
		A54FDC86299408A1004F514C /* ButtonsColor.swift */ = {isa = PBXFileReference; lastKnownFileType = sourcecode.swift; path = ButtonsColor.swift; sourceTree = "<group>"; };
		A54FDC8C29952864004F514C /* ChartData.swift */ = {isa = PBXFileReference; lastKnownFileType = sourcecode.swift; path = ChartData.swift; sourceTree = "<group>"; };
		A54FDC9229956946004F514C /* RegisterViewController.swift */ = {isa = PBXFileReference; fileEncoding = 4; lastKnownFileType = sourcecode.swift; path = RegisterViewController.swift; sourceTree = "<group>"; };
		A54FDC9429959BD2004F514C /* ChartPrepare.swift */ = {isa = PBXFileReference; lastKnownFileType = sourcecode.swift; path = ChartPrepare.swift; sourceTree = "<group>"; };
		A54FDC982996788E004F514C /* ChartView.swift */ = {isa = PBXFileReference; lastKnownFileType = sourcecode.swift; path = ChartView.swift; sourceTree = "<group>"; };
		A5D3CA3029968B9A0009798D /* ChartView.xib */ = {isa = PBXFileReference; lastKnownFileType = file.xib; path = ChartView.xib; sourceTree = "<group>"; };
/* End PBXFileReference section */

/* Begin PBXFrameworksBuildPhase section */
		2F911FE92990288F002978CE /* Frameworks */ = {
			isa = PBXFrameworksBuildPhase;
			buildActionMask = 2147483647;
			files = (
			);
			runOnlyForDeploymentPostprocessing = 0;
		};
/* End PBXFrameworksBuildPhase section */

/* Begin PBXGroup section */
		2F911FE32990288F002978CE = {
			isa = PBXGroup;
			children = (
				2F911FEE2990288F002978CE /* millionaire */,
				2F911FED2990288F002978CE /* Products */,
				A54FDC91299568C9004F514C /* Recovered References */,
			);
			sourceTree = "<group>";
		};
		2F911FED2990288F002978CE /* Products */ = {
			isa = PBXGroup;
			children = (
				2F911FEC2990288F002978CE /* millionaire.app */,
			);
			name = Products;
			sourceTree = "<group>";
		};
		2F911FEE2990288F002978CE /* millionaire */ = {
			isa = PBXGroup;
			children = (
				2F912003299028A2002978CE /* Models */,
				2F912004299028AE002978CE /* Views */,
				2F912005299028B5002978CE /* Controllers */,
				2F911FEF2990288F002978CE /* AppDelegate.swift */,
				2F911FF12990288F002978CE /* SceneDelegate.swift */,
				2F911FF829902890002978CE /* Assets.xcassets */,
				2F911FFD29902890002978CE /* Info.plist */,
				51CF03942993F597006DF7C0 /* Music */,
			);
			path = millionaire;
			sourceTree = "<group>";
		};
		2F912003299028A2002978CE /* Models */ = {
			isa = PBXGroup;
			children = (
				2F912006299028E6002978CE /* Millionaire.swift */,
				5160CCFB299169DC0070115E /* Question.swift */,
				5160CCFD29916A120070115E /* QuizMillionaire.swift */,
				A54FDC86299408A1004F514C /* ButtonsColor.swift */,
				A54FDC8C29952864004F514C /* ChartData.swift */,
				A54FDC9429959BD2004F514C /* ChartPrepare.swift */,
			);
			path = Models;
			sourceTree = "<group>";
		};
		2F912004299028AE002978CE /* Views */ = {
			isa = PBXGroup;
			children = (
				2F911FF52990288F002978CE /* Main.storyboard */,
				A5D3CA3029968B9A0009798D /* ChartView.xib */,
				2F911FFA29902890002978CE /* LaunchScreen.storyboard */,
			);
			path = Views;
			sourceTree = "<group>";
		};
		2F912005299028B5002978CE /* Controllers */ = {
			isa = PBXGroup;
			children = (
				2F911FF32990288F002978CE /* StartViewController.swift */,
				A54FDC9229956946004F514C /* RegisterViewController.swift */,
				583F1CAF29910D54004A4D37 /* RulesViewController.swift */,
				5888ADD029915B2A002C00BE /* GameViewController.swift */,
				5189F25F2992C2130091C636 /* AudioPlayer.swift */,
				A54FDC84299384DA004F514C /* ScoreTableViewController.swift */,
				A54FDC982996788E004F514C /* ChartView.swift */,
			);
			path = Controllers;
			sourceTree = "<group>";
		};
		51CF03942993F597006DF7C0 /* Music */ = {
			isa = PBXGroup;
			children = (
				51CF03872993F555006DF7C0 /* correctAnswer.mp3 */,
				51CF038B2993F555006DF7C0 /* endOfGame.mp3 */,
				51CF03882993F555006DF7C0 /* musical_intro.mp3 */,
				51CF03852993F555006DF7C0 /* nextQuestion.mp3 */,
				51CF03892993F555006DF7C0 /* reflectionTime.mp3 */,
				51CF03862993F555006DF7C0 /* time_is_Up.mp3 */,
				51CF03842993F555006DF7C0 /* tooltip_Selection.mp3 */,
				51CF038A2993F555006DF7C0 /* wrongAnswer.mp3 */,
			);
			path = Music;
			sourceTree = "<group>";
		};
		A54FDC91299568C9004F514C /* Recovered References */ = {
			isa = PBXGroup;
			children = (
			);
			name = "Recovered References";
			sourceTree = "<group>";
		};
/* End PBXGroup section */

/* Begin PBXNativeTarget section */
		2F911FEB2990288F002978CE /* millionaire */ = {
			isa = PBXNativeTarget;
			buildConfigurationList = 2F91200029902890002978CE /* Build configuration list for PBXNativeTarget "millionaire" */;
			buildPhases = (
				2F911FE82990288F002978CE /* Sources */,
				2F911FE92990288F002978CE /* Frameworks */,
				2F911FEA2990288F002978CE /* Resources */,
			);
			buildRules = (
			);
			dependencies = (
			);
			name = millionaire;
			productName = millionaire;
			productReference = 2F911FEC2990288F002978CE /* millionaire.app */;
			productType = "com.apple.product-type.application";
		};
/* End PBXNativeTarget section */

/* Begin PBXProject section */
		2F911FE42990288F002978CE /* Project object */ = {
			isa = PBXProject;
			attributes = {
				BuildIndependentTargetsInParallel = 1;
				LastSwiftUpdateCheck = 1420;
				LastUpgradeCheck = 1420;
				TargetAttributes = {
					2F911FEB2990288F002978CE = {
						CreatedOnToolsVersion = 14.2;
					};
				};
			};
			buildConfigurationList = 2F911FE72990288F002978CE /* Build configuration list for PBXProject "millionaire" */;
			compatibilityVersion = "Xcode 14.0";
			developmentRegion = en;
			hasScannedForEncodings = 0;
			knownRegions = (
				en,
				Base,
			);
			mainGroup = 2F911FE32990288F002978CE;
			productRefGroup = 2F911FED2990288F002978CE /* Products */;
			projectDirPath = "";
			projectRoot = "";
			targets = (
				2F911FEB2990288F002978CE /* millionaire */,
			);
		};
/* End PBXProject section */

/* Begin PBXResourcesBuildPhase section */
		2F911FEA2990288F002978CE /* Resources */ = {
			isa = PBXResourcesBuildPhase;
			buildActionMask = 2147483647;
			files = (
				51CF03902993F555006DF7C0 /* musical_intro.mp3 in Resources */,
				2F911FFC29902890002978CE /* LaunchScreen.storyboard in Resources */,
				51CF038D2993F555006DF7C0 /* nextQuestion.mp3 in Resources */,
				51CF038E2993F555006DF7C0 /* time_is_Up.mp3 in Resources */,
				51CF03932993F555006DF7C0 /* endOfGame.mp3 in Resources */,
				51CF03922993F555006DF7C0 /* wrongAnswer.mp3 in Resources */,
				2F911FF929902890002978CE /* Assets.xcassets in Resources */,
				2F911FF72990288F002978CE /* Main.storyboard in Resources */,
				51CF038C2993F555006DF7C0 /* tooltip_Selection.mp3 in Resources */,
				51CF038F2993F555006DF7C0 /* correctAnswer.mp3 in Resources */,
				51CF03912993F555006DF7C0 /* reflectionTime.mp3 in Resources */,
				A5D3CA3129968B9A0009798D /* ChartView.xib in Resources */,
			);
			runOnlyForDeploymentPostprocessing = 0;
		};
/* End PBXResourcesBuildPhase section */

/* Begin PBXSourcesBuildPhase section */
		2F911FE82990288F002978CE /* Sources */ = {
			isa = PBXSourcesBuildPhase;
			buildActionMask = 2147483647;
			files = (
				5160CCFC299169DC0070115E /* Question.swift in Sources */,
				2F911FF42990288F002978CE /* StartViewController.swift in Sources */,
				A54FDC87299408A1004F514C /* ButtonsColor.swift in Sources */,
				2F911FF42990288F002978CE /* StartViewController.swift in Sources */,
				5160CCFE29916A120070115E /* QuizMillionaire.swift in Sources */,
				A54FDC992996788E004F514C /* ChartView.swift in Sources */,
				583F1CB029910D54004A4D37 /* RulesViewController.swift in Sources */,
				2F911FF42990288F002978CE /* StartViewController.swift in Sources */,
				2F912007299028E6002978CE /* Millionaire.swift in Sources */,
				2F911FF02990288F002978CE /* AppDelegate.swift in Sources */,
				5189F2602992C2130091C636 /* AudioPlayer.swift in Sources */,
				A54FDC9529959BD2004F514C /* ChartPrepare.swift in Sources */,
				5888ADD129915B2A002C00BE /* GameViewController.swift in Sources */,
				A54FDC9329956946004F514C /* RegisterViewController.swift in Sources */,
				A54FDC85299384DA004F514C /* ScoreTableViewController.swift in Sources */,
				2F911FF22990288F002978CE /* SceneDelegate.swift in Sources */,
				A54FDC8D29952864004F514C /* ChartData.swift in Sources */,
			);
			runOnlyForDeploymentPostprocessing = 0;
		};
/* End PBXSourcesBuildPhase section */

/* Begin PBXVariantGroup section */
		2F911FF52990288F002978CE /* Main.storyboard */ = {
			isa = PBXVariantGroup;
			children = (
				2F911FF62990288F002978CE /* Base */,
			);
			name = Main.storyboard;
			sourceTree = "<group>";
		};
		2F911FFA29902890002978CE /* LaunchScreen.storyboard */ = {
			isa = PBXVariantGroup;
			children = (
				2F911FFB29902890002978CE /* Base */,
			);
			name = LaunchScreen.storyboard;
			sourceTree = "<group>";
		};
/* End PBXVariantGroup section */

/* Begin XCBuildConfiguration section */
		2F911FFE29902890002978CE /* Debug */ = {
			isa = XCBuildConfiguration;
			buildSettings = {
				ALWAYS_SEARCH_USER_PATHS = NO;
				CLANG_ANALYZER_NONNULL = YES;
				CLANG_ANALYZER_NUMBER_OBJECT_CONVERSION = YES_AGGRESSIVE;
				CLANG_CXX_LANGUAGE_STANDARD = "gnu++20";
				CLANG_ENABLE_MODULES = YES;
				CLANG_ENABLE_OBJC_ARC = YES;
				CLANG_ENABLE_OBJC_WEAK = YES;
				CLANG_WARN_BLOCK_CAPTURE_AUTORELEASING = YES;
				CLANG_WARN_BOOL_CONVERSION = YES;
				CLANG_WARN_COMMA = YES;
				CLANG_WARN_CONSTANT_CONVERSION = YES;
				CLANG_WARN_DEPRECATED_OBJC_IMPLEMENTATIONS = YES;
				CLANG_WARN_DIRECT_OBJC_ISA_USAGE = YES_ERROR;
				CLANG_WARN_DOCUMENTATION_COMMENTS = YES;
				CLANG_WARN_EMPTY_BODY = YES;
				CLANG_WARN_ENUM_CONVERSION = YES;
				CLANG_WARN_INFINITE_RECURSION = YES;
				CLANG_WARN_INT_CONVERSION = YES;
				CLANG_WARN_NON_LITERAL_NULL_CONVERSION = YES;
				CLANG_WARN_OBJC_IMPLICIT_RETAIN_SELF = YES;
				CLANG_WARN_OBJC_LITERAL_CONVERSION = YES;
				CLANG_WARN_OBJC_ROOT_CLASS = YES_ERROR;
				CLANG_WARN_QUOTED_INCLUDE_IN_FRAMEWORK_HEADER = YES;
				CLANG_WARN_RANGE_LOOP_ANALYSIS = YES;
				CLANG_WARN_STRICT_PROTOTYPES = YES;
				CLANG_WARN_SUSPICIOUS_MOVE = YES;
				CLANG_WARN_UNGUARDED_AVAILABILITY = YES_AGGRESSIVE;
				CLANG_WARN_UNREACHABLE_CODE = YES;
				CLANG_WARN__DUPLICATE_METHOD_MATCH = YES;
				COPY_PHASE_STRIP = NO;
				DEBUG_INFORMATION_FORMAT = dwarf;
				ENABLE_STRICT_OBJC_MSGSEND = YES;
				ENABLE_TESTABILITY = YES;
				GCC_C_LANGUAGE_STANDARD = gnu11;
				GCC_DYNAMIC_NO_PIC = NO;
				GCC_NO_COMMON_BLOCKS = YES;
				GCC_OPTIMIZATION_LEVEL = 0;
				GCC_PREPROCESSOR_DEFINITIONS = (
					"DEBUG=1",
					"$(inherited)",
				);
				GCC_WARN_64_TO_32_BIT_CONVERSION = YES;
				GCC_WARN_ABOUT_RETURN_TYPE = YES_ERROR;
				GCC_WARN_UNDECLARED_SELECTOR = YES;
				GCC_WARN_UNINITIALIZED_AUTOS = YES_AGGRESSIVE;
				GCC_WARN_UNUSED_FUNCTION = YES;
				GCC_WARN_UNUSED_VARIABLE = YES;
				IPHONEOS_DEPLOYMENT_TARGET = 16.2;
				MTL_ENABLE_DEBUG_INFO = INCLUDE_SOURCE;
				MTL_FAST_MATH = YES;
				ONLY_ACTIVE_ARCH = YES;
				SDKROOT = iphoneos;
				SWIFT_ACTIVE_COMPILATION_CONDITIONS = DEBUG;
				SWIFT_OPTIMIZATION_LEVEL = "-Onone";
			};
			name = Debug;
		};
		2F911FFF29902890002978CE /* Release */ = {
			isa = XCBuildConfiguration;
			buildSettings = {
				ALWAYS_SEARCH_USER_PATHS = NO;
				CLANG_ANALYZER_NONNULL = YES;
				CLANG_ANALYZER_NUMBER_OBJECT_CONVERSION = YES_AGGRESSIVE;
				CLANG_CXX_LANGUAGE_STANDARD = "gnu++20";
				CLANG_ENABLE_MODULES = YES;
				CLANG_ENABLE_OBJC_ARC = YES;
				CLANG_ENABLE_OBJC_WEAK = YES;
				CLANG_WARN_BLOCK_CAPTURE_AUTORELEASING = YES;
				CLANG_WARN_BOOL_CONVERSION = YES;
				CLANG_WARN_COMMA = YES;
				CLANG_WARN_CONSTANT_CONVERSION = YES;
				CLANG_WARN_DEPRECATED_OBJC_IMPLEMENTATIONS = YES;
				CLANG_WARN_DIRECT_OBJC_ISA_USAGE = YES_ERROR;
				CLANG_WARN_DOCUMENTATION_COMMENTS = YES;
				CLANG_WARN_EMPTY_BODY = YES;
				CLANG_WARN_ENUM_CONVERSION = YES;
				CLANG_WARN_INFINITE_RECURSION = YES;
				CLANG_WARN_INT_CONVERSION = YES;
				CLANG_WARN_NON_LITERAL_NULL_CONVERSION = YES;
				CLANG_WARN_OBJC_IMPLICIT_RETAIN_SELF = YES;
				CLANG_WARN_OBJC_LITERAL_CONVERSION = YES;
				CLANG_WARN_OBJC_ROOT_CLASS = YES_ERROR;
				CLANG_WARN_QUOTED_INCLUDE_IN_FRAMEWORK_HEADER = YES;
				CLANG_WARN_RANGE_LOOP_ANALYSIS = YES;
				CLANG_WARN_STRICT_PROTOTYPES = YES;
				CLANG_WARN_SUSPICIOUS_MOVE = YES;
				CLANG_WARN_UNGUARDED_AVAILABILITY = YES_AGGRESSIVE;
				CLANG_WARN_UNREACHABLE_CODE = YES;
				CLANG_WARN__DUPLICATE_METHOD_MATCH = YES;
				COPY_PHASE_STRIP = NO;
				DEBUG_INFORMATION_FORMAT = "dwarf-with-dsym";
				ENABLE_NS_ASSERTIONS = NO;
				ENABLE_STRICT_OBJC_MSGSEND = YES;
				GCC_C_LANGUAGE_STANDARD = gnu11;
				GCC_NO_COMMON_BLOCKS = YES;
				GCC_WARN_64_TO_32_BIT_CONVERSION = YES;
				GCC_WARN_ABOUT_RETURN_TYPE = YES_ERROR;
				GCC_WARN_UNDECLARED_SELECTOR = YES;
				GCC_WARN_UNINITIALIZED_AUTOS = YES_AGGRESSIVE;
				GCC_WARN_UNUSED_FUNCTION = YES;
				GCC_WARN_UNUSED_VARIABLE = YES;
				IPHONEOS_DEPLOYMENT_TARGET = 16.2;
				MTL_ENABLE_DEBUG_INFO = NO;
				MTL_FAST_MATH = YES;
				SDKROOT = iphoneos;
				SWIFT_COMPILATION_MODE = wholemodule;
				SWIFT_OPTIMIZATION_LEVEL = "-O";
				VALIDATE_PRODUCT = YES;
			};
			name = Release;
		};
		2F91200129902890002978CE /* Debug */ = {
			isa = XCBuildConfiguration;
			buildSettings = {
				ASSETCATALOG_COMPILER_APPICON_NAME = AppIcon;
				ASSETCATALOG_COMPILER_GLOBAL_ACCENT_COLOR_NAME = AccentColor;
				CODE_SIGN_STYLE = Automatic;
				CURRENT_PROJECT_VERSION = 1;
				DEVELOPMENT_TEAM = R4768CVQD8;
				GENERATE_INFOPLIST_FILE = YES;
				INFOPLIST_FILE = millionaire/Info.plist;
				INFOPLIST_KEY_UIApplicationSupportsIndirectInputEvents = YES;
				INFOPLIST_KEY_UILaunchStoryboardName = LaunchScreen;
				INFOPLIST_KEY_UIMainStoryboardFile = Main;
				INFOPLIST_KEY_UISupportedInterfaceOrientations = UIInterfaceOrientationPortrait;
				IPHONEOS_DEPLOYMENT_TARGET = 13;
				LD_RUNPATH_SEARCH_PATHS = (
					"$(inherited)",
					"@executable_path/Frameworks",
				);
				MARKETING_VERSION = 1.0;
				PRODUCT_BUNDLE_IDENTIFIER = dev.stolnikov.millionaire;
				PRODUCT_NAME = "$(TARGET_NAME)";
				SUPPORTED_PLATFORMS = "iphoneos iphonesimulator";
				SUPPORTS_MACCATALYST = NO;
				SUPPORTS_MAC_DESIGNED_FOR_IPHONE_IPAD = NO;
				SWIFT_EMIT_LOC_STRINGS = YES;
				SWIFT_VERSION = 5.0;
				TARGETED_DEVICE_FAMILY = 1;
			};
			name = Debug;
		};
		2F91200229902890002978CE /* Release */ = {
			isa = XCBuildConfiguration;
			buildSettings = {
				ASSETCATALOG_COMPILER_APPICON_NAME = AppIcon;
				ASSETCATALOG_COMPILER_GLOBAL_ACCENT_COLOR_NAME = AccentColor;
				CODE_SIGN_STYLE = Automatic;
				CURRENT_PROJECT_VERSION = 1;
				DEVELOPMENT_TEAM = R4768CVQD8;
				GENERATE_INFOPLIST_FILE = YES;
				INFOPLIST_FILE = millionaire/Info.plist;
				INFOPLIST_KEY_UIApplicationSupportsIndirectInputEvents = YES;
				INFOPLIST_KEY_UILaunchStoryboardName = LaunchScreen;
				INFOPLIST_KEY_UIMainStoryboardFile = Main;
				INFOPLIST_KEY_UISupportedInterfaceOrientations = UIInterfaceOrientationPortrait;
				IPHONEOS_DEPLOYMENT_TARGET = 13;
				LD_RUNPATH_SEARCH_PATHS = (
					"$(inherited)",
					"@executable_path/Frameworks",
				);
				MARKETING_VERSION = 1.0;
				PRODUCT_BUNDLE_IDENTIFIER = dev.stolnikov.millionaire;
				PRODUCT_NAME = "$(TARGET_NAME)";
				SUPPORTED_PLATFORMS = "iphoneos iphonesimulator";
				SUPPORTS_MACCATALYST = NO;
				SUPPORTS_MAC_DESIGNED_FOR_IPHONE_IPAD = NO;
				SWIFT_EMIT_LOC_STRINGS = YES;
				SWIFT_VERSION = 5.0;
				TARGETED_DEVICE_FAMILY = 1;
			};
			name = Release;
		};
/* End XCBuildConfiguration section */

/* Begin XCConfigurationList section */
		2F911FE72990288F002978CE /* Build configuration list for PBXProject "millionaire" */ = {
			isa = XCConfigurationList;
			buildConfigurations = (
				2F911FFE29902890002978CE /* Debug */,
				2F911FFF29902890002978CE /* Release */,
			);
			defaultConfigurationIsVisible = 0;
			defaultConfigurationName = Release;
		};
		2F91200029902890002978CE /* Build configuration list for PBXNativeTarget "millionaire" */ = {
			isa = XCConfigurationList;
			buildConfigurations = (
				2F91200129902890002978CE /* Debug */,
				2F91200229902890002978CE /* Release */,
			);
			defaultConfigurationIsVisible = 0;
			defaultConfigurationName = Release;
		};
/* End XCConfigurationList section */
	};
	rootObject = 2F911FE42990288F002978CE /* Project object */;
}
